
Microsoft Visual Studio Solution File, Format Version 12.00
# Visual Studio 15
VisualStudioVersion = 15.0.26403.0
MinimumVisualStudioVersion = 10.0.40219.1
Project("{FAE04EC0-301F-11D3-BF4B-00C04F79EFBC}") = "RobotController.UI", "RobotController.UI\RobotController.UI.csproj", "{EA1123D0-38CD-44B7-BAB9-D411AEBF58A0}"
EndProject
Project("{FAE04EC0-301F-11D3-BF4B-00C04F79EFBC}") = "RobotController.SDK", "RobotController.SDK\RobotController.SDK.csproj", "{E53B4BF1-3FD0-425C-8A70-ADB1257AF4CB}"
EndProject
Project("{FAE04EC0-301F-11D3-BF4B-00C04F79EFBC}") = "RobotController.Test", "RobotController.Test\RobotController.Test.csproj", "{854E87D5-F962-46DC-9CE5-FE1E8CEEB28B}"
EndProject
Project("{FAE04EC0-301F-11D3-BF4B-00C04F79EFBC}") = "RobotController.Command", "RobotController.Command\RobotController.Command.csproj", "{3B339373-892C-4E6B-A5B8-331E25B57307}"
EndProject
Global
	GlobalSection(SolutionConfigurationPlatforms) = preSolution
		Debug|Any CPU = Debug|Any CPU
		Release|Any CPU = Release|Any CPU
	EndGlobalSection
	GlobalSection(ProjectConfigurationPlatforms) = postSolution
		{EA1123D0-38CD-44B7-BAB9-D411AEBF58A0}.Debug|Any CPU.ActiveCfg = Debug|Any CPU
		{EA1123D0-38CD-44B7-BAB9-D411AEBF58A0}.Debug|Any CPU.Build.0 = Debug|Any CPU
		{EA1123D0-38CD-44B7-BAB9-D411AEBF58A0}.Release|Any CPU.ActiveCfg = Release|Any CPU
		{EA1123D0-38CD-44B7-BAB9-D411AEBF58A0}.Release|Any CPU.Build.0 = Release|Any CPU
		{E53B4BF1-3FD0-425C-8A70-ADB1257AF4CB}.Debug|Any CPU.ActiveCfg = Debug|Any CPU
		{E53B4BF1-3FD0-425C-8A70-ADB1257AF4CB}.Debug|Any CPU.Build.0 = Debug|Any CPU
		{E53B4BF1-3FD0-425C-8A70-ADB1257AF4CB}.Release|Any CPU.ActiveCfg = Release|Any CPU
		{E53B4BF1-3FD0-425C-8A70-ADB1257AF4CB}.Release|Any CPU.Build.0 = Release|Any CPU
		{854E87D5-F962-46DC-9CE5-FE1E8CEEB28B}.Debug|Any CPU.ActiveCfg = Debug|Any CPU
		{854E87D5-F962-46DC-9CE5-FE1E8CEEB28B}.Debug|Any CPU.Build.0 = Debug|Any CPU
		{854E87D5-F962-46DC-9CE5-FE1E8CEEB28B}.Release|Any CPU.ActiveCfg = Release|Any CPU
		{854E87D5-F962-46DC-9CE5-FE1E8CEEB28B}.Release|Any CPU.Build.0 = Release|Any CPU
		{3B339373-892C-4E6B-A5B8-331E25B57307}.Debug|Any CPU.ActiveCfg = Debug|Any CPU
		{3B339373-892C-4E6B-A5B8-331E25B57307}.Debug|Any CPU.Build.0 = Debug|Any CPU
		{3B339373-892C-4E6B-A5B8-331E25B57307}.Release|Any CPU.ActiveCfg = Release|Any CPU
		{3B339373-892C-4E6B-A5B8-331E25B57307}.Release|Any CPU.Build.0 = Release|Any CPU
	EndGlobalSection
	GlobalSection(SolutionProperties) = preSolution
		HideSolutionNode = FALSE
	EndGlobalSection
EndGlobal
